// !$*UTF8*$!
{
	archiveVersion = 1;
	classes = {
	};
	objectVersion = 53;
	objects = {

/* Begin PBXBuildFile section */
		52CD37C3294CA2780003A395 /* AppDelegate.swift in Sources */ = {isa = PBXBuildFile; fileRef = 52CD37C2294CA2780003A395 /* AppDelegate.swift */; };
		52CD37C5294CA2780003A395 /* SceneDelegate.swift in Sources */ = {isa = PBXBuildFile; fileRef = 52CD37C4294CA2780003A395 /* SceneDelegate.swift */; };
		52CD37C7294CA2780003A395 /* HomeVC.swift in Sources */ = {isa = PBXBuildFile; fileRef = 52CD37C6294CA2780003A395 /* HomeVC.swift */; };
		52CD37CA294CA2780003A395 /* Main.storyboard in Resources */ = {isa = PBXBuildFile; fileRef = 52CD37C8294CA2780003A395 /* Main.storyboard */; };
		52CD37CC294CA27A0003A395 /* Assets.xcassets in Resources */ = {isa = PBXBuildFile; fileRef = 52CD37CB294CA27A0003A395 /* Assets.xcassets */; };
		52CD37CF294CA27A0003A395 /* LaunchScreen.storyboard in Resources */ = {isa = PBXBuildFile; fileRef = 52CD37CD294CA27A0003A395 /* LaunchScreen.storyboard */; };
		52CD37DA294CA27A0003A395 /* ProductsAPPTests.swift in Sources */ = {isa = PBXBuildFile; fileRef = 52CD37D9294CA27A0003A395 /* ProductsAPPTests.swift */; };
		52CD37E4294CA27A0003A395 /* ProductsAPPUITests.swift in Sources */ = {isa = PBXBuildFile; fileRef = 52CD37E3294CA27A0003A395 /* ProductsAPPUITests.swift */; };
		52CD37E6294CA27A0003A395 /* ProductsAPPUITestsLaunchTests.swift in Sources */ = {isa = PBXBuildFile; fileRef = 52CD37E5294CA27A0003A395 /* ProductsAPPUITestsLaunchTests.swift */; };
		52CD37FC294CA2C60003A395 /* Constants.swift in Sources */ = {isa = PBXBuildFile; fileRef = 52CD37F6294CA2C60003A395 /* Constants.swift */; };
		52CD37FD294CA2C60003A395 /* TargetType.swift in Sources */ = {isa = PBXBuildFile; fileRef = 52CD37F7294CA2C60003A395 /* TargetType.swift */; };
		52CD37FF294CA2C60003A395 /* BaseAPI.swift in Sources */ = {isa = PBXBuildFile; fileRef = 52CD37F9294CA2C60003A395 /* BaseAPI.swift */; };
		52CD3804294CA2CE0003A395 /* Observable.swift in Sources */ = {isa = PBXBuildFile; fileRef = 52CD3803294CA2CE0003A395 /* Observable.swift */; };
		52CD380B294CAB6F0003A395 /* ProductCell.swift in Sources */ = {isa = PBXBuildFile; fileRef = 52CD3809294CAB6F0003A395 /* ProductCell.swift */; };
		52CD380C294CAB6F0003A395 /* ProductCell.xib in Resources */ = {isa = PBXBuildFile; fileRef = 52CD380A294CAB6F0003A395 /* ProductCell.xib */; };
		52CD380E294CACA30003A395 /* HomeVC+CollectionDelegate.swift in Sources */ = {isa = PBXBuildFile; fileRef = 52CD380D294CACA30003A395 /* HomeVC+CollectionDelegate.swift */; };
		52CD3810294CB2CA0003A395 /* PrudctsListFlowLayout.swift in Sources */ = {isa = PBXBuildFile; fileRef = 52CD380F294CB2CA0003A395 /* PrudctsListFlowLayout.swift */; };
		52CD3813294CE9900003A395 /* HomeNetworking.swift in Sources */ = {isa = PBXBuildFile; fileRef = 52CD3812294CE9900003A395 /* HomeNetworking.swift */; };
		52CD3815294CEA490003A395 /* HomeAPI.swift in Sources */ = {isa = PBXBuildFile; fileRef = 52CD3814294CEA490003A395 /* HomeAPI.swift */; };
		52CD3817294CEADC0003A395 /* ProductModel.swift in Sources */ = {isa = PBXBuildFile; fileRef = 52CD3816294CEADC0003A395 /* ProductModel.swift */; };
		52CD381A294CEC350003A395 /* HomeViewModel.swift in Sources */ = {isa = PBXBuildFile; fileRef = 52CD3819294CEC350003A395 /* HomeViewModel.swift */; };
		52CD381D294CF0910003A395 /* ImageView+Ext.swift in Sources */ = {isa = PBXBuildFile; fileRef = 52CD381C294CF0910003A395 /* ImageView+Ext.swift */; };
		52CD3820294CFD1C0003A395 /* DetailsSB.storyboard in Resources */ = {isa = PBXBuildFile; fileRef = 52CD381F294CFD1C0003A395 /* DetailsSB.storyboard */; };
		52CD3823294CFDDD0003A395 /* DetailsVC.swift in Sources */ = {isa = PBXBuildFile; fileRef = 52CD3822294CFDDD0003A395 /* DetailsVC.swift */; };
		52CD3825294CFE7F0003A395 /* StoryBoardRouter.swift in Sources */ = {isa = PBXBuildFile; fileRef = 52CD3824294CFE7F0003A395 /* StoryBoardRouter.swift */; };
		52CD382B294D212A0003A395 /* NetworkCheck.swift in Sources */ = {isa = PBXBuildFile; fileRef = 52CD382A294D212A0003A395 /* NetworkCheck.swift */; };
/* End PBXBuildFile section */

/* Begin PBXContainerItemProxy section */
		52CD37D6294CA27A0003A395 /* PBXContainerItemProxy */ = {
			isa = PBXContainerItemProxy;
			containerPortal = 52CD37B7294CA2780003A395 /* Project object */;
			proxyType = 1;
			remoteGlobalIDString = 52CD37BE294CA2780003A395;
			remoteInfo = ProductsAPP;
		};
		52CD37E0294CA27A0003A395 /* PBXContainerItemProxy */ = {
			isa = PBXContainerItemProxy;
			containerPortal = 52CD37B7294CA2780003A395 /* Project object */;
			proxyType = 1;
			remoteGlobalIDString = 52CD37BE294CA2780003A395;
			remoteInfo = ProductsAPP;
		};
/* End PBXContainerItemProxy section */

/* Begin PBXFileReference section */
		52CD37BF294CA2780003A395 /* ProductsAPP.app */ = {isa = PBXFileReference; explicitFileType = wrapper.application; includeInIndex = 0; path = ProductsAPP.app; sourceTree = BUILT_PRODUCTS_DIR; };
		52CD37C2294CA2780003A395 /* AppDelegate.swift */ = {isa = PBXFileReference; lastKnownFileType = sourcecode.swift; path = AppDelegate.swift; sourceTree = "<group>"; };
		52CD37C4294CA2780003A395 /* SceneDelegate.swift */ = {isa = PBXFileReference; lastKnownFileType = sourcecode.swift; path = SceneDelegate.swift; sourceTree = "<group>"; };
		52CD37C6294CA2780003A395 /* HomeVC.swift */ = {isa = PBXFileReference; lastKnownFileType = sourcecode.swift; path = HomeVC.swift; sourceTree = "<group>"; };
		52CD37C9294CA2780003A395 /* Base */ = {isa = PBXFileReference; lastKnownFileType = file.storyboard; name = Base; path = Base.lproj/Main.storyboard; sourceTree = "<group>"; };
		52CD37CB294CA27A0003A395 /* Assets.xcassets */ = {isa = PBXFileReference; lastKnownFileType = folder.assetcatalog; path = Assets.xcassets; sourceTree = "<group>"; };
		52CD37CE294CA27A0003A395 /* Base */ = {isa = PBXFileReference; lastKnownFileType = file.storyboard; name = Base; path = Base.lproj/LaunchScreen.storyboard; sourceTree = "<group>"; };
		52CD37D0294CA27A0003A395 /* Info.plist */ = {isa = PBXFileReference; lastKnownFileType = text.plist.xml; path = Info.plist; sourceTree = "<group>"; };
		52CD37D5294CA27A0003A395 /* ProductsAPPTests.xctest */ = {isa = PBXFileReference; explicitFileType = wrapper.cfbundle; includeInIndex = 0; path = ProductsAPPTests.xctest; sourceTree = BUILT_PRODUCTS_DIR; };
		52CD37D9294CA27A0003A395 /* ProductsAPPTests.swift */ = {isa = PBXFileReference; lastKnownFileType = sourcecode.swift; path = ProductsAPPTests.swift; sourceTree = "<group>"; };
		52CD37DF294CA27A0003A395 /* ProductsAPPUITests.xctest */ = {isa = PBXFileReference; explicitFileType = wrapper.cfbundle; includeInIndex = 0; path = ProductsAPPUITests.xctest; sourceTree = BUILT_PRODUCTS_DIR; };
		52CD37E3294CA27A0003A395 /* ProductsAPPUITests.swift */ = {isa = PBXFileReference; lastKnownFileType = sourcecode.swift; path = ProductsAPPUITests.swift; sourceTree = "<group>"; };
		52CD37E5294CA27A0003A395 /* ProductsAPPUITestsLaunchTests.swift */ = {isa = PBXFileReference; lastKnownFileType = sourcecode.swift; path = ProductsAPPUITestsLaunchTests.swift; sourceTree = "<group>"; };
		52CD37F6294CA2C60003A395 /* Constants.swift */ = {isa = PBXFileReference; fileEncoding = 4; lastKnownFileType = sourcecode.swift; path = Constants.swift; sourceTree = "<group>"; };
		52CD37F7294CA2C60003A395 /* TargetType.swift */ = {isa = PBXFileReference; fileEncoding = 4; lastKnownFileType = sourcecode.swift; path = TargetType.swift; sourceTree = "<group>"; };
		52CD37F9294CA2C60003A395 /* BaseAPI.swift */ = {isa = PBXFileReference; fileEncoding = 4; lastKnownFileType = sourcecode.swift; path = BaseAPI.swift; sourceTree = "<group>"; };
		52CD3803294CA2CE0003A395 /* Observable.swift */ = {isa = PBXFileReference; fileEncoding = 4; lastKnownFileType = sourcecode.swift; path = Observable.swift; sourceTree = "<group>"; };
		52CD3809294CAB6F0003A395 /* ProductCell.swift */ = {isa = PBXFileReference; lastKnownFileType = sourcecode.swift; path = ProductCell.swift; sourceTree = "<group>"; };
		52CD380A294CAB6F0003A395 /* ProductCell.xib */ = {isa = PBXFileReference; lastKnownFileType = file.xib; path = ProductCell.xib; sourceTree = "<group>"; };
		52CD380D294CACA30003A395 /* HomeVC+CollectionDelegate.swift */ = {isa = PBXFileReference; lastKnownFileType = sourcecode.swift; path = "HomeVC+CollectionDelegate.swift"; sourceTree = "<group>"; };
		52CD380F294CB2CA0003A395 /* PrudctsListFlowLayout.swift */ = {isa = PBXFileReference; lastKnownFileType = sourcecode.swift; path = PrudctsListFlowLayout.swift; sourceTree = "<group>"; };
		52CD3812294CE9900003A395 /* HomeNetworking.swift */ = {isa = PBXFileReference; lastKnownFileType = sourcecode.swift; path = HomeNetworking.swift; sourceTree = "<group>"; };
		52CD3814294CEA490003A395 /* HomeAPI.swift */ = {isa = PBXFileReference; lastKnownFileType = sourcecode.swift; path = HomeAPI.swift; sourceTree = "<group>"; };
		52CD3816294CEADC0003A395 /* ProductModel.swift */ = {isa = PBXFileReference; lastKnownFileType = sourcecode.swift; path = ProductModel.swift; sourceTree = "<group>"; };
		52CD3819294CEC350003A395 /* HomeViewModel.swift */ = {isa = PBXFileReference; lastKnownFileType = sourcecode.swift; path = HomeViewModel.swift; sourceTree = "<group>"; };
		52CD381C294CF0910003A395 /* ImageView+Ext.swift */ = {isa = PBXFileReference; lastKnownFileType = sourcecode.swift; path = "ImageView+Ext.swift"; sourceTree = "<group>"; };
		52CD381F294CFD1C0003A395 /* DetailsSB.storyboard */ = {isa = PBXFileReference; lastKnownFileType = file.storyboard; path = DetailsSB.storyboard; sourceTree = "<group>"; };
		52CD3822294CFDDD0003A395 /* DetailsVC.swift */ = {isa = PBXFileReference; lastKnownFileType = sourcecode.swift; path = DetailsVC.swift; sourceTree = "<group>"; };
		52CD3824294CFE7F0003A395 /* StoryBoardRouter.swift */ = {isa = PBXFileReference; lastKnownFileType = sourcecode.swift; path = StoryBoardRouter.swift; sourceTree = "<group>"; };
		52CD382A294D212A0003A395 /* NetworkCheck.swift */ = {isa = PBXFileReference; lastKnownFileType = sourcecode.swift; path = NetworkCheck.swift; sourceTree = "<group>"; };
/* End PBXFileReference section */

/* Begin PBXFrameworksBuildPhase section */
		52CD37BC294CA2780003A395 /* Frameworks */ = {
			isa = PBXFrameworksBuildPhase;
			buildActionMask = 2147483647;
			files = (
			);
			runOnlyForDeploymentPostprocessing = 0;
		};
		52CD37D2294CA27A0003A395 /* Frameworks */ = {
			isa = PBXFrameworksBuildPhase;
			buildActionMask = 2147483647;
			files = (
			);
			runOnlyForDeploymentPostprocessing = 0;
		};
		52CD37DC294CA27A0003A395 /* Frameworks */ = {
			isa = PBXFrameworksBuildPhase;
			buildActionMask = 2147483647;
			files = (
			);
			runOnlyForDeploymentPostprocessing = 0;
		};
/* End PBXFrameworksBuildPhase section */

/* Begin PBXGroup section */
		521230DE294DF13D00E0C927 /* images */ = {
			isa = PBXGroup;
			children = (
				52CD37CB294CA27A0003A395 /* Assets.xcassets */,
			);
			path = images;
			sourceTree = "<group>";
		};
		521230DF294DF14D00E0C927 /* launch screen */ = {
			isa = PBXGroup;
			children = (
				52CD37CD294CA27A0003A395 /* LaunchScreen.storyboard */,
			);
			path = "launch screen";
			sourceTree = "<group>";
		};
		52CD37B6294CA2780003A395 = {
			isa = PBXGroup;
			children = (
				52CD37C1294CA2780003A395 /* ProductsAPP */,
				52CD37D8294CA27A0003A395 /* ProductsAPPTests */,
				52CD37E2294CA27A0003A395 /* ProductsAPPUITests */,
				52CD37C0294CA2780003A395 /* Products */,
			);
			sourceTree = "<group>";
		};
		52CD37C0294CA2780003A395 /* Products */ = {
			isa = PBXGroup;
			children = (
				52CD37BF294CA2780003A395 /* ProductsAPP.app */,
				52CD37D5294CA27A0003A395 /* ProductsAPPTests.xctest */,
				52CD37DF294CA27A0003A395 /* ProductsAPPUITests.xctest */,
			);
			name = Products;
			sourceTree = "<group>";
		};
		52CD37C1294CA2780003A395 /* ProductsAPP */ = {
			isa = PBXGroup;
			children = (
				52CD37F2294CA2950003A395 /* AppDelegate */,
				52CD381B294CF07E0003A395 /* Extension */,
				52CD3829294D21170003A395 /* InternetChecker */,
				52CD3802294CA2CE0003A395 /* MVVMObservable */,
				52CD37F4294CA2C60003A395 /* Networking */,
				521230DE294DF13D00E0C927 /* images */,
				521230DF294DF14D00E0C927 /* launch screen */,
				52CD37F3294CA2A70003A395 /* Home */,
				52CD381E294CFCF80003A395 /* ProductDetails */,
				52CD37D0294CA27A0003A395 /* Info.plist */,
			);
			path = ProductsAPP;
			sourceTree = "<group>";
		};
		52CD37D8294CA27A0003A395 /* ProductsAPPTests */ = {
			isa = PBXGroup;
			children = (
				52CD37D9294CA27A0003A395 /* ProductsAPPTests.swift */,
			);
			path = ProductsAPPTests;
			sourceTree = "<group>";
		};
		52CD37E2294CA27A0003A395 /* ProductsAPPUITests */ = {
			isa = PBXGroup;
			children = (
				52CD37E3294CA27A0003A395 /* ProductsAPPUITests.swift */,
				52CD37E5294CA27A0003A395 /* ProductsAPPUITestsLaunchTests.swift */,
			);
			path = ProductsAPPUITests;
			sourceTree = "<group>";
		};
		52CD37F2294CA2950003A395 /* AppDelegate */ = {
			isa = PBXGroup;
			children = (
				52CD37C2294CA2780003A395 /* AppDelegate.swift */,
				52CD37C4294CA2780003A395 /* SceneDelegate.swift */,
			);
			path = AppDelegate;
			sourceTree = "<group>";
		};
		52CD37F3294CA2A70003A395 /* Home */ = {
			isa = PBXGroup;
			children = (
				52CD3807294CAB350003A395 /* View */,
				52CD3818294CEC270003A395 /* viewModel */,
				52CD3811294CE8FF0003A395 /* Home Networking */,
			);
			path = Home;
			sourceTree = "<group>";
		};
		52CD37F4294CA2C60003A395 /* Networking */ = {
			isa = PBXGroup;
			children = (
				52CD37F5294CA2C60003A395 /* Base */,
			);
			path = Networking;
			sourceTree = "<group>";
		};
		52CD37F5294CA2C60003A395 /* Base */ = {
			isa = PBXGroup;
			children = (
				52CD37F6294CA2C60003A395 /* Constants.swift */,
				52CD37F7294CA2C60003A395 /* TargetType.swift */,
				52CD37F9294CA2C60003A395 /* BaseAPI.swift */,
			);
			path = Base;
			sourceTree = "<group>";
		};
		52CD3802294CA2CE0003A395 /* MVVMObservable */ = {
			isa = PBXGroup;
			children = (
				52CD3803294CA2CE0003A395 /* Observable.swift */,
			);
			path = MVVMObservable;
			sourceTree = "<group>";
		};
		52CD3805294CAB180003A395 /* StoryBoard */ = {
			isa = PBXGroup;
			children = (
				52CD37C8294CA2780003A395 /* Main.storyboard */,
			);
			path = StoryBoard;
			sourceTree = "<group>";
		};
		52CD3806294CAB230003A395 /* Classes */ = {
			isa = PBXGroup;
			children = (
				52CD37C6294CA2780003A395 /* HomeVC.swift */,
				52CD380D294CACA30003A395 /* HomeVC+CollectionDelegate.swift */,
				52CD380F294CB2CA0003A395 /* PrudctsListFlowLayout.swift */,
			);
			path = Classes;
			sourceTree = "<group>";
		};
		52CD3807294CAB350003A395 /* View */ = {
			isa = PBXGroup;
			children = (
				52CD3805294CAB180003A395 /* StoryBoard */,
				52CD3806294CAB230003A395 /* Classes */,
				52CD3808294CAB4D0003A395 /* ProductCell */,
			);
			path = View;
			sourceTree = "<group>";
		};
		52CD3808294CAB4D0003A395 /* ProductCell */ = {
			isa = PBXGroup;
			children = (
				52CD3809294CAB6F0003A395 /* ProductCell.swift */,
				52CD380A294CAB6F0003A395 /* ProductCell.xib */,
			);
			path = ProductCell;
			sourceTree = "<group>";
		};
		52CD3811294CE8FF0003A395 /* Home Networking */ = {
			isa = PBXGroup;
			children = (
				52CD3812294CE9900003A395 /* HomeNetworking.swift */,
				52CD3814294CEA490003A395 /* HomeAPI.swift */,
				52CD3816294CEADC0003A395 /* ProductModel.swift */,
			);
			path = "Home Networking";
			sourceTree = "<group>";
		};
		52CD3818294CEC270003A395 /* viewModel */ = {
			isa = PBXGroup;
			children = (
				52CD3819294CEC350003A395 /* HomeViewModel.swift */,
			);
			path = viewModel;
			sourceTree = "<group>";
		};
		52CD381B294CF07E0003A395 /* Extension */ = {
			isa = PBXGroup;
			children = (
				52CD381C294CF0910003A395 /* ImageView+Ext.swift */,
				52CD3824294CFE7F0003A395 /* StoryBoardRouter.swift */,
			);
			path = Extension;
			sourceTree = "<group>";
		};
		52CD381E294CFCF80003A395 /* ProductDetails */ = {
			isa = PBXGroup;
			children = (
				52CD3821294CFDC60003A395 /* view */,
				52CD381F294CFD1C0003A395 /* DetailsSB.storyboard */,
			);
			path = ProductDetails;
			sourceTree = "<group>";
		};
		52CD3821294CFDC60003A395 /* view */ = {
			isa = PBXGroup;
			children = (
				52CD3822294CFDDD0003A395 /* DetailsVC.swift */,
			);
			path = view;
			sourceTree = "<group>";
		};
		52CD3829294D21170003A395 /* InternetChecker */ = {
			isa = PBXGroup;
			children = (
				52CD382A294D212A0003A395 /* NetworkCheck.swift */,
			);
			path = InternetChecker;
			sourceTree = "<group>";
		};
/* End PBXGroup section */

/* Begin PBXNativeTarget section */
		52CD37BE294CA2780003A395 /* ProductsAPP */ = {
			isa = PBXNativeTarget;
			buildConfigurationList = 52CD37E9294CA27A0003A395 /* Build configuration list for PBXNativeTarget "ProductsAPP" */;
			buildPhases = (
				52CD37BB294CA2780003A395 /* Sources */,
				52CD37BC294CA2780003A395 /* Frameworks */,
				52CD37BD294CA2780003A395 /* Resources */,
			);
			buildRules = (
			);
			dependencies = (
			);
			name = ProductsAPP;
			productName = ProductsAPP;
			productReference = 52CD37BF294CA2780003A395 /* ProductsAPP.app */;
			productType = "com.apple.product-type.application";
		};
		52CD37D4294CA27A0003A395 /* ProductsAPPTests */ = {
			isa = PBXNativeTarget;
			buildConfigurationList = 52CD37EC294CA27A0003A395 /* Build configuration list for PBXNativeTarget "ProductsAPPTests" */;
			buildPhases = (
				52CD37D1294CA27A0003A395 /* Sources */,
				52CD37D2294CA27A0003A395 /* Frameworks */,
				52CD37D3294CA27A0003A395 /* Resources */,
			);
			buildRules = (
			);
			dependencies = (
				52CD37D7294CA27A0003A395 /* PBXTargetDependency */,
			);
			name = ProductsAPPTests;
			productName = ProductsAPPTests;
			productReference = 52CD37D5294CA27A0003A395 /* ProductsAPPTests.xctest */;
			productType = "com.apple.product-type.bundle.unit-test";
		};
		52CD37DE294CA27A0003A395 /* ProductsAPPUITests */ = {
			isa = PBXNativeTarget;
			buildConfigurationList = 52CD37EF294CA27A0003A395 /* Build configuration list for PBXNativeTarget "ProductsAPPUITests" */;
			buildPhases = (
				52CD37DB294CA27A0003A395 /* Sources */,
				52CD37DC294CA27A0003A395 /* Frameworks */,
				52CD37DD294CA27A0003A395 /* Resources */,
			);
			buildRules = (
			);
			dependencies = (
				52CD37E1294CA27A0003A395 /* PBXTargetDependency */,
			);
			name = ProductsAPPUITests;
			productName = ProductsAPPUITests;
			productReference = 52CD37DF294CA27A0003A395 /* ProductsAPPUITests.xctest */;
			productType = "com.apple.product-type.bundle.ui-testing";
		};
/* End PBXNativeTarget section */

/* Begin PBXProject section */
		52CD37B7294CA2780003A395 /* Project object */ = {
			isa = PBXProject;
			attributes = {
				BuildIndependentTargetsInParallel = 1;
				LastSwiftUpdateCheck = 1400;
				LastUpgradeCheck = 1400;
				TargetAttributes = {
					52CD37BE294CA2780003A395 = {
						CreatedOnToolsVersion = 14.0.1;
					};
					52CD37D4294CA27A0003A395 = {
						CreatedOnToolsVersion = 14.0.1;
						TestTargetID = 52CD37BE294CA2780003A395;
					};
					52CD37DE294CA27A0003A395 = {
						CreatedOnToolsVersion = 14.0.1;
						TestTargetID = 52CD37BE294CA2780003A395;
					};
				};
			};
			buildConfigurationList = 52CD37BA294CA2780003A395 /* Build configuration list for PBXProject "ProductsAPP" */;
			compatibilityVersion = "Xcode 11.0";
			developmentRegion = en;
			hasScannedForEncodings = 0;
			knownRegions = (
				en,
				Base,
			);
			mainGroup = 52CD37B6294CA2780003A395;
			productRefGroup = 52CD37C0294CA2780003A395 /* Products */;
			projectDirPath = "";
			projectRoot = "";
			targets = (
				52CD37BE294CA2780003A395 /* ProductsAPP */,
				52CD37D4294CA27A0003A395 /* ProductsAPPTests */,
				52CD37DE294CA27A0003A395 /* ProductsAPPUITests */,
			);
		};
/* End PBXProject section */

/* Begin PBXResourcesBuildPhase section */
		52CD37BD294CA2780003A395 /* Resources */ = {
			isa = PBXResourcesBuildPhase;
			buildActionMask = 2147483647;
			files = (
				52CD37CF294CA27A0003A395 /* LaunchScreen.storyboard in Resources */,
				52CD380C294CAB6F0003A395 /* ProductCell.xib in Resources */,
				52CD37CC294CA27A0003A395 /* Assets.xcassets in Resources */,
				52CD37CA294CA2780003A395 /* Main.storyboard in Resources */,
				52CD3820294CFD1C0003A395 /* DetailsSB.storyboard in Resources */,
			);
			runOnlyForDeploymentPostprocessing = 0;
		};
		52CD37D3294CA27A0003A395 /* Resources */ = {
			isa = PBXResourcesBuildPhase;
			buildActionMask = 2147483647;
			files = (
			);
			runOnlyForDeploymentPostprocessing = 0;
		};
		52CD37DD294CA27A0003A395 /* Resources */ = {
			isa = PBXResourcesBuildPhase;
			buildActionMask = 2147483647;
			files = (
			);
			runOnlyForDeploymentPostprocessing = 0;
		};
/* End PBXResourcesBuildPhase section */

/* Begin PBXSourcesBuildPhase section */
		52CD37BB294CA2780003A395 /* Sources */ = {
			isa = PBXSourcesBuildPhase;
			buildActionMask = 2147483647;
			files = (
				52CD3813294CE9900003A395 /* HomeNetworking.swift in Sources */,
				52CD37FD294CA2C60003A395 /* TargetType.swift in Sources */,
				52CD37C7294CA2780003A395 /* HomeVC.swift in Sources */,
				52CD37C3294CA2780003A395 /* AppDelegate.swift in Sources */,
				52CD3817294CEADC0003A395 /* ProductModel.swift in Sources */,
				52CD37C5294CA2780003A395 /* SceneDelegate.swift in Sources */,
				52CD3825294CFE7F0003A395 /* StoryBoardRouter.swift in Sources */,
				52CD3804294CA2CE0003A395 /* Observable.swift in Sources */,
				52CD381D294CF0910003A395 /* ImageView+Ext.swift in Sources */,
				52CD3810294CB2CA0003A395 /* PrudctsListFlowLayout.swift in Sources */,
				52CD380B294CAB6F0003A395 /* ProductCell.swift in Sources */,
				52CD3815294CEA490003A395 /* HomeAPI.swift in Sources */,
				52CD37FC294CA2C60003A395 /* Constants.swift in Sources */,
				52CD37FF294CA2C60003A395 /* BaseAPI.swift in Sources */,
				52CD3823294CFDDD0003A395 /* DetailsVC.swift in Sources */,
				52CD382B294D212A0003A395 /* NetworkCheck.swift in Sources */,
				52CD381A294CEC350003A395 /* HomeViewModel.swift in Sources */,
				52CD380E294CACA30003A395 /* HomeVC+CollectionDelegate.swift in Sources */,
			);
			runOnlyForDeploymentPostprocessing = 0;
		};
		52CD37D1294CA27A0003A395 /* Sources */ = {
			isa = PBXSourcesBuildPhase;
			buildActionMask = 2147483647;
			files = (
				52CD37DA294CA27A0003A395 /* ProductsAPPTests.swift in Sources */,
			);
			runOnlyForDeploymentPostprocessing = 0;
		};
		52CD37DB294CA27A0003A395 /* Sources */ = {
			isa = PBXSourcesBuildPhase;
			buildActionMask = 2147483647;
			files = (
				52CD37E6294CA27A0003A395 /* ProductsAPPUITestsLaunchTests.swift in Sources */,
				52CD37E4294CA27A0003A395 /* ProductsAPPUITests.swift in Sources */,
			);
			runOnlyForDeploymentPostprocessing = 0;
		};
/* End PBXSourcesBuildPhase section */

/* Begin PBXTargetDependency section */
		52CD37D7294CA27A0003A395 /* PBXTargetDependency */ = {
			isa = PBXTargetDependency;
			target = 52CD37BE294CA2780003A395 /* ProductsAPP */;
			targetProxy = 52CD37D6294CA27A0003A395 /* PBXContainerItemProxy */;
		};
		52CD37E1294CA27A0003A395 /* PBXTargetDependency */ = {
			isa = PBXTargetDependency;
			target = 52CD37BE294CA2780003A395 /* ProductsAPP */;
			targetProxy = 52CD37E0294CA27A0003A395 /* PBXContainerItemProxy */;
		};
/* End PBXTargetDependency section */

/* Begin PBXVariantGroup section */
		52CD37C8294CA2780003A395 /* Main.storyboard */ = {
			isa = PBXVariantGroup;
			children = (
				52CD37C9294CA2780003A395 /* Base */,
			);
			name = Main.storyboard;
			sourceTree = "<group>";
		};
		52CD37CD294CA27A0003A395 /* LaunchScreen.storyboard */ = {
			isa = PBXVariantGroup;
			children = (
				52CD37CE294CA27A0003A395 /* Base */,
			);
			name = LaunchScreen.storyboard;
			sourceTree = "<group>";
		};
/* End PBXVariantGroup section */

/* Begin XCBuildConfiguration section */
		52CD37E7294CA27A0003A395 /* Debug */ = {
			isa = XCBuildConfiguration;
			buildSettings = {
				ALWAYS_SEARCH_USER_PATHS = NO;
				CLANG_ANALYZER_NONNULL = YES;
				CLANG_ANALYZER_NUMBER_OBJECT_CONVERSION = YES_AGGRESSIVE;
				CLANG_CXX_LANGUAGE_STANDARD = "gnu++20";
				CLANG_ENABLE_MODULES = YES;
				CLANG_ENABLE_OBJC_ARC = YES;
				CLANG_ENABLE_OBJC_WEAK = YES;
				CLANG_WARN_BLOCK_CAPTURE_AUTORELEASING = YES;
				CLANG_WARN_BOOL_CONVERSION = YES;
				CLANG_WARN_COMMA = YES;
				CLANG_WARN_CONSTANT_CONVERSION = YES;
				CLANG_WARN_DEPRECATED_OBJC_IMPLEMENTATIONS = YES;
				CLANG_WARN_DIRECT_OBJC_ISA_USAGE = YES_ERROR;
				CLANG_WARN_DOCUMENTATION_COMMENTS = YES;
				CLANG_WARN_EMPTY_BODY = YES;
				CLANG_WARN_ENUM_CONVERSION = YES;
				CLANG_WARN_INFINITE_RECURSION = YES;
				CLANG_WARN_INT_CONVERSION = YES;
				CLANG_WARN_NON_LITERAL_NULL_CONVERSION = YES;
				CLANG_WARN_OBJC_IMPLICIT_RETAIN_SELF = YES;
				CLANG_WARN_OBJC_LITERAL_CONVERSION = YES;
				CLANG_WARN_OBJC_ROOT_CLASS = YES_ERROR;
				CLANG_WARN_QUOTED_INCLUDE_IN_FRAMEWORK_HEADER = YES;
				CLANG_WARN_RANGE_LOOP_ANALYSIS = YES;
				CLANG_WARN_STRICT_PROTOTYPES = YES;
				CLANG_WARN_SUSPICIOUS_MOVE = YES;
				CLANG_WARN_UNGUARDED_AVAILABILITY = YES_AGGRESSIVE;
				CLANG_WARN_UNREACHABLE_CODE = YES;
				CLANG_WARN__DUPLICATE_METHOD_MATCH = YES;
				COPY_PHASE_STRIP = NO;
				DEBUG_INFORMATION_FORMAT = dwarf;
				ENABLE_STRICT_OBJC_MSGSEND = YES;
				ENABLE_TESTABILITY = YES;
				GCC_C_LANGUAGE_STANDARD = gnu11;
				GCC_DYNAMIC_NO_PIC = NO;
				GCC_NO_COMMON_BLOCKS = YES;
				GCC_OPTIMIZATION_LEVEL = 0;
				GCC_PREPROCESSOR_DEFINITIONS = (
					"DEBUG=1",
					"$(inherited)",
				);
				GCC_WARN_64_TO_32_BIT_CONVERSION = YES;
				GCC_WARN_ABOUT_RETURN_TYPE = YES_ERROR;
				GCC_WARN_UNDECLARED_SELECTOR = YES;
				GCC_WARN_UNINITIALIZED_AUTOS = YES_AGGRESSIVE;
				GCC_WARN_UNUSED_FUNCTION = YES;
				GCC_WARN_UNUSED_VARIABLE = YES;
				IPHONEOS_DEPLOYMENT_TARGET = 16.0;
				MTL_ENABLE_DEBUG_INFO = INCLUDE_SOURCE;
				MTL_FAST_MATH = YES;
				ONLY_ACTIVE_ARCH = YES;
				SDKROOT = iphoneos;
				SWIFT_ACTIVE_COMPILATION_CONDITIONS = DEBUG;
				SWIFT_OPTIMIZATION_LEVEL = "-Onone";
			};
			name = Debug;
		};
		52CD37E8294CA27A0003A395 /* Release */ = {
			isa = XCBuildConfiguration;
			buildSettings = {
				ALWAYS_SEARCH_USER_PATHS = NO;
				CLANG_ANALYZER_NONNULL = YES;
				CLANG_ANALYZER_NUMBER_OBJECT_CONVERSION = YES_AGGRESSIVE;
				CLANG_CXX_LANGUAGE_STANDARD = "gnu++20";
				CLANG_ENABLE_MODULES = YES;
				CLANG_ENABLE_OBJC_ARC = YES;
				CLANG_ENABLE_OBJC_WEAK = YES;
				CLANG_WARN_BLOCK_CAPTURE_AUTORELEASING = YES;
				CLANG_WARN_BOOL_CONVERSION = YES;
				CLANG_WARN_COMMA = YES;
				CLANG_WARN_CONSTANT_CONVERSION = YES;
				CLANG_WARN_DEPRECATED_OBJC_IMPLEMENTATIONS = YES;
				CLANG_WARN_DIRECT_OBJC_ISA_USAGE = YES_ERROR;
				CLANG_WARN_DOCUMENTATION_COMMENTS = YES;
				CLANG_WARN_EMPTY_BODY = YES;
				CLANG_WARN_ENUM_CONVERSION = YES;
				CLANG_WARN_INFINITE_RECURSION = YES;
				CLANG_WARN_INT_CONVERSION = YES;
				CLANG_WARN_NON_LITERAL_NULL_CONVERSION = YES;
				CLANG_WARN_OBJC_IMPLICIT_RETAIN_SELF = YES;
				CLANG_WARN_OBJC_LITERAL_CONVERSION = YES;
				CLANG_WARN_OBJC_ROOT_CLASS = YES_ERROR;
				CLANG_WARN_QUOTED_INCLUDE_IN_FRAMEWORK_HEADER = YES;
				CLANG_WARN_RANGE_LOOP_ANALYSIS = YES;
				CLANG_WARN_STRICT_PROTOTYPES = YES;
				CLANG_WARN_SUSPICIOUS_MOVE = YES;
				CLANG_WARN_UNGUARDED_AVAILABILITY = YES_AGGRESSIVE;
				CLANG_WARN_UNREACHABLE_CODE = YES;
				CLANG_WARN__DUPLICATE_METHOD_MATCH = YES;
				COPY_PHASE_STRIP = NO;
				DEBUG_INFORMATION_FORMAT = "dwarf-with-dsym";
				ENABLE_NS_ASSERTIONS = NO;
				ENABLE_STRICT_OBJC_MSGSEND = YES;
				GCC_C_LANGUAGE_STANDARD = gnu11;
				GCC_NO_COMMON_BLOCKS = YES;
				GCC_WARN_64_TO_32_BIT_CONVERSION = YES;
				GCC_WARN_ABOUT_RETURN_TYPE = YES_ERROR;
				GCC_WARN_UNDECLARED_SELECTOR = YES;
				GCC_WARN_UNINITIALIZED_AUTOS = YES_AGGRESSIVE;
				GCC_WARN_UNUSED_FUNCTION = YES;
				GCC_WARN_UNUSED_VARIABLE = YES;
				IPHONEOS_DEPLOYMENT_TARGET = 16.0;
				MTL_ENABLE_DEBUG_INFO = NO;
				MTL_FAST_MATH = YES;
				SDKROOT = iphoneos;
				SWIFT_COMPILATION_MODE = wholemodule;
				SWIFT_OPTIMIZATION_LEVEL = "-O";
				VALIDATE_PRODUCT = YES;
			};
			name = Release;
		};
		52CD37EA294CA27A0003A395 /* Debug */ = {
			isa = XCBuildConfiguration;
			buildSettings = {
				ASSETCATALOG_COMPILER_APPICON_NAME = AppIcon;
				ASSETCATALOG_COMPILER_GLOBAL_ACCENT_COLOR_NAME = AccentColor;
				CODE_SIGN_STYLE = Automatic;
				CURRENT_PROJECT_VERSION = 1;
				DEVELOPMENT_TEAM = UC3D25543F;
				GENERATE_INFOPLIST_FILE = YES;
				INFOPLIST_FILE = ProductsAPP/Info.plist;
				INFOPLIST_KEY_UIApplicationSupportsIndirectInputEvents = YES;
				INFOPLIST_KEY_UILaunchStoryboardName = LaunchScreen;
				INFOPLIST_KEY_UIMainStoryboardFile = Main;
				INFOPLIST_KEY_UISupportedInterfaceOrientations_iPad = "UIInterfaceOrientationPortrait UIInterfaceOrientationPortraitUpsideDown UIInterfaceOrientationLandscapeLeft UIInterfaceOrientationLandscapeRight";
				INFOPLIST_KEY_UISupportedInterfaceOrientations_iPhone = "UIInterfaceOrientationPortrait UIInterfaceOrientationLandscapeLeft UIInterfaceOrientationLandscapeRight";
				IPHONEOS_DEPLOYMENT_TARGET = 14.0;
				LD_RUNPATH_SEARCH_PATHS = (
					"$(inherited)",
					"@executable_path/Frameworks",
				);
				MARKETING_VERSION = 1.0;
				PRODUCT_BUNDLE_IDENTIFIER = Najeh.ProductsAPP;
				PRODUCT_NAME = "$(TARGET_NAME)";
				SWIFT_EMIT_LOC_STRINGS = YES;
				SWIFT_VERSION = 5.0;
				TARGETED_DEVICE_FAMILY = "1,2";
			};
			name = Debug;
		};
		52CD37EB294CA27A0003A395 /* Release */ = {
			isa = XCBuildConfiguration;
			buildSettings = {
				ASSETCATALOG_COMPILER_APPICON_NAME = AppIcon;
				ASSETCATALOG_COMPILER_GLOBAL_ACCENT_COLOR_NAME = AccentColor;
				CODE_SIGN_STYLE = Automatic;
				CURRENT_PROJECT_VERSION = 1;
				DEVELOPMENT_TEAM = UC3D25543F;
				GENERATE_INFOPLIST_FILE = YES;
				INFOPLIST_FILE = ProductsAPP/Info.plist;
				INFOPLIST_KEY_UIApplicationSupportsIndirectInputEvents = YES;
				INFOPLIST_KEY_UILaunchStoryboardName = LaunchScreen;
				INFOPLIST_KEY_UIMainStoryboardFile = Main;
				INFOPLIST_KEY_UISupportedInterfaceOrientations_iPad = "UIInterfaceOrientationPortrait UIInterfaceOrientationPortraitUpsideDown UIInterfaceOrientationLandscapeLeft UIInterfaceOrientationLandscapeRight";
				INFOPLIST_KEY_UISupportedInterfaceOrientations_iPhone = "UIInterfaceOrientationPortrait UIInterfaceOrientationLandscapeLeft UIInterfaceOrientationLandscapeRight";
				IPHONEOS_DEPLOYMENT_TARGET = 14.0;
				LD_RUNPATH_SEARCH_PATHS = (
					"$(inherited)",
					"@executable_path/Frameworks",
				);
				MARKETING_VERSION = 1.0;
				PRODUCT_BUNDLE_IDENTIFIER = Najeh.ProductsAPP;
				PRODUCT_NAME = "$(TARGET_NAME)";
				SWIFT_EMIT_LOC_STRINGS = YES;
				SWIFT_VERSION = 5.0;
				TARGETED_DEVICE_FAMILY = "1,2";
			};
			name = Release;
		};
		52CD37ED294CA27A0003A395 /* Debug */ = {
			isa = XCBuildConfiguration;
			buildSettings = {
				ALWAYS_EMBED_SWIFT_STANDARD_LIBRARIES = YES;
				BUNDLE_LOADER = "$(TEST_HOST)";
				CODE_SIGN_STYLE = Automatic;
				CURRENT_PROJECT_VERSION = 1;
				GENERATE_INFOPLIST_FILE = YES;
				IPHONEOS_DEPLOYMENT_TARGET = 16.0;
				MARKETING_VERSION = 1.0;
				PRODUCT_BUNDLE_IDENTIFIER = Najeh.ProductsAPPTests;
				PRODUCT_NAME = "$(TARGET_NAME)";
				SWIFT_EMIT_LOC_STRINGS = NO;
				SWIFT_VERSION = 5.0;
				TARGETED_DEVICE_FAMILY = "1,2";
				TEST_HOST = "$(BUILT_PRODUCTS_DIR)/ProductsAPP.app/$(BUNDLE_EXECUTABLE_FOLDER_PATH)/ProductsAPP";
			};
			name = Debug;
		};
		52CD37EE294CA27A0003A395 /* Release */ = {
			isa = XCBuildConfiguration;
			buildSettings = {
				ALWAYS_EMBED_SWIFT_STANDARD_LIBRARIES = YES;
				BUNDLE_LOADER = "$(TEST_HOST)";
				CODE_SIGN_STYLE = Automatic;
				CURRENT_PROJECT_VERSION = 1;
				GENERATE_INFOPLIST_FILE = YES;
				IPHONEOS_DEPLOYMENT_TARGET = 16.0;
				MARKETING_VERSION = 1.0;
				PRODUCT_BUNDLE_IDENTIFIER = Najeh.ProductsAPPTests;
				PRODUCT_NAME = "$(TARGET_NAME)";
				SWIFT_EMIT_LOC_STRINGS = NO;
				SWIFT_VERSION = 5.0;
				TARGETED_DEVICE_FAMILY = "1,2";
				TEST_HOST = "$(BUILT_PRODUCTS_DIR)/ProductsAPP.app/$(BUNDLE_EXECUTABLE_FOLDER_PATH)/ProductsAPP";
			};
			name = Release;
		};
		52CD37F0294CA27A0003A395 /* Debug */ = {
			isa = XCBuildConfiguration;
			buildSettings = {
				ALWAYS_EMBED_SWIFT_STANDARD_LIBRARIES = YES;
				CODE_SIGN_STYLE = Automatic;
				CURRENT_PROJECT_VERSION = 1;
				GENERATE_INFOPLIST_FILE = YES;
				MARKETING_VERSION = 1.0;
				PRODUCT_BUNDLE_IDENTIFIER = Najeh.ProductsAPPUITests;
				PRODUCT_NAME = "$(TARGET_NAME)";
				SWIFT_EMIT_LOC_STRINGS = NO;
				SWIFT_VERSION = 5.0;
				TARGETED_DEVICE_FAMILY = "1,2";
				TEST_TARGET_NAME = ProductsAPP;
			};
			name = Debug;
		};
		52CD37F1294CA27A0003A395 /* Release */ = {
			isa = XCBuildConfiguration;
			buildSettings = {
				ALWAYS_EMBED_SWIFT_STANDARD_LIBRARIES = YES;
				CODE_SIGN_STYLE = Automatic;
				CURRENT_PROJECT_VERSION = 1;
				GENERATE_INFOPLIST_FILE = YES;
				MARKETING_VERSION = 1.0;
				PRODUCT_BUNDLE_IDENTIFIER = Najeh.ProductsAPPUITests;
				PRODUCT_NAME = "$(TARGET_NAME)";
				SWIFT_EMIT_LOC_STRINGS = NO;
				SWIFT_VERSION = 5.0;
				TARGETED_DEVICE_FAMILY = "1,2";
				TEST_TARGET_NAME = ProductsAPP;
			};
			name = Release;
		};
/* End XCBuildConfiguration section */

/* Begin XCConfigurationList section */
		52CD37BA294CA2780003A395 /* Build configuration list for PBXProject "ProductsAPP" */ = {
			isa = XCConfigurationList;
			buildConfigurations = (
				52CD37E7294CA27A0003A395 /* Debug */,
				52CD37E8294CA27A0003A395 /* Release */,
			);
			defaultConfigurationIsVisible = 0;
			defaultConfigurationName = Release;
		};
		52CD37E9294CA27A0003A395 /* Build configuration list for PBXNativeTarget "ProductsAPP" */ = {
			isa = XCConfigurationList;
			buildConfigurations = (
				52CD37EA294CA27A0003A395 /* Debug */,
				52CD37EB294CA27A0003A395 /* Release */,
			);
			defaultConfigurationIsVisible = 0;
			defaultConfigurationName = Release;
		};
		52CD37EC294CA27A0003A395 /* Build configuration list for PBXNativeTarget "ProductsAPPTests" */ = {
			isa = XCConfigurationList;
			buildConfigurations = (
				52CD37ED294CA27A0003A395 /* Debug */,
				52CD37EE294CA27A0003A395 /* Release */,
			);
			defaultConfigurationIsVisible = 0;
			defaultConfigurationName = Release;
		};
		52CD37EF294CA27A0003A395 /* Build configuration list for PBXNativeTarget "ProductsAPPUITests" */ = {
			isa = XCConfigurationList;
			buildConfigurations = (
				52CD37F0294CA27A0003A395 /* Debug */,
				52CD37F1294CA27A0003A395 /* Release */,
			);
			defaultConfigurationIsVisible = 0;
			defaultConfigurationName = Release;
		};
/* End XCConfigurationList section */
	};
	rootObject = 52CD37B7294CA2780003A395 /* Project object */;
}
